
Microsoft Visual Studio Solution File, Format Version 12.00
# Visual Studio Version 17
Project("{2150E333-8FDC-42A3-9474-1A3956D46DE8}") = "CMakePredefinedTargets", "CMakePredefinedTargets", "{9780F03D-FA0D-31CB-A06B-6B11F5DDD703}"
EndProject
Project("{2150E333-8FDC-42A3-9474-1A3956D46DE8}") = "CTestDashboardTargets", "CTestDashboardTargets", "{624AF6ED-F160-3134-BC66-DFD398B2743F}"
EndProject
Project("{2150E333-8FDC-42A3-9474-1A3956D46DE8}") = "Engine", "Engine", "{9FC663CE-D5AD-3824-A10B-60837AD5DDBA}"
EndProject
Project("{2150E333-8FDC-42A3-9474-1A3956D46DE8}") = "GLFW3", "GLFW3", "{4391B712-3342-371C-AFD7-BE2DD9C416CE}"
EndProject
Project("{2150E333-8FDC-42A3-9474-1A3956D46DE8}") = "ThirdParty", "ThirdParty", "{415B5F7E-06AB-39C4-8A78-D9038056B22D}"
EndProject
Project("{8BC9CEB8-8B4A-11D0-8D11-00A0C91BC942}") = "Application", "Application\Application.vcxproj", "{9A427443-194E-3444-9B0E-0837B5DB7E76}"
	ProjectSection(ProjectDependencies) = postProject
		{8214586F-E76F-31F7-93BD-52B43898FE7C} = {8214586F-E76F-31F7-93BD-52B43898FE7C}
		{964F7C98-275A-304B-9211-BE7FF74743D7} = {964F7C98-275A-304B-9211-BE7FF74743D7}
		{6C139118-367D-3DBB-A3F4-51DF0D570343} = {6C139118-367D-3DBB-A3F4-51DF0D570343}
	EndProjectSection
EndProject
Project("{8BC9CEB8-8B4A-11D0-8D11-00A0C91BC942}") = "ALL_BUILD", "ALL_BUILD.vcxproj", "{538BCC01-3EB2-3267-83A2-1F9930433058}"
	ProjectSection(ProjectDependencies) = postProject
		{9A427443-194E-3444-9B0E-0837B5DB7E76} = {9A427443-194E-3444-9B0E-0837B5DB7E76}
		{8214586F-E76F-31F7-93BD-52B43898FE7C} = {8214586F-E76F-31F7-93BD-52B43898FE7C}
		{964F7C98-275A-304B-9211-BE7FF74743D7} = {964F7C98-275A-304B-9211-BE7FF74743D7}
		{56E13F18-D15B-3000-B75F-C5CA0857633A} = {56E13F18-D15B-3000-B75F-C5CA0857633A}
		{EA27CB47-39B2-305A-8948-0790F5DA8033} = {EA27CB47-39B2-305A-8948-0790F5DA8033}
		{6C139118-367D-3DBB-A3F4-51DF0D570343} = {6C139118-367D-3DBB-A3F4-51DF0D570343}
		{99B89935-05CA-3F1E-A185-C2E678A862BE} = {99B89935-05CA-3F1E-A185-C2E678A862BE}
		{7B063A60-DA2B-3DBC-B510-3FA4E3EA590D} = {7B063A60-DA2B-3DBC-B510-3FA4E3EA590D}
		{E843C426-A014-3683-BCD7-43D118ED00EF} = {E843C426-A014-3683-BCD7-43D118ED00EF}
	EndProjectSection
EndProject
Project("{8BC9CEB8-8B4A-11D0-8D11-00A0C91BC942}") = "Continuous", "ThirdParty\yaml_cpp\yaml_cpp\Continuous.vcxproj", "{6243828A-3AFA-31FD-8F7B-AF01276D4935}"
	ProjectSection(ProjectDependencies) = postProject
		{6C139118-367D-3DBB-A3F4-51DF0D570343} = {6C139118-367D-3DBB-A3F4-51DF0D570343}
	EndProjectSection
EndProject
Project("{8BC9CEB8-8B4A-11D0-8D11-00A0C91BC942}") = "DM", "DM\DM.vcxproj", "{8214586F-E76F-31F7-93BD-52B43898FE7C}"
	ProjectSection(ProjectDependencies) = postProject
		{EA27CB47-39B2-305A-8948-0790F5DA8033} = {EA27CB47-39B2-305A-8948-0790F5DA8033}
		{6C139118-367D-3DBB-A3F4-51DF0D570343} = {6C139118-367D-3DBB-A3F4-51DF0D570343}
		{99B89935-05CA-3F1E-A185-C2E678A862BE} = {99B89935-05CA-3F1E-A185-C2E678A862BE}
		{7B063A60-DA2B-3DBC-B510-3FA4E3EA590D} = {7B063A60-DA2B-3DBC-B510-3FA4E3EA590D}
		{E843C426-A014-3683-BCD7-43D118ED00EF} = {E843C426-A014-3683-BCD7-43D118ED00EF}
	EndProjectSection
EndProject
Project("{8BC9CEB8-8B4A-11D0-8D11-00A0C91BC942}") = "Editor", "Editor\Editor.vcxproj", "{964F7C98-275A-304B-9211-BE7FF74743D7}"
	ProjectSection(ProjectDependencies) = postProject
		{8214586F-E76F-31F7-93BD-52B43898FE7C} = {8214586F-E76F-31F7-93BD-52B43898FE7C}
		{EA27CB47-39B2-305A-8948-0790F5DA8033} = {EA27CB47-39B2-305A-8948-0790F5DA8033}
		{6C139118-367D-3DBB-A3F4-51DF0D570343} = {6C139118-367D-3DBB-A3F4-51DF0D570343}
		{7B063A60-DA2B-3DBC-B510-3FA4E3EA590D} = {7B063A60-DA2B-3DBC-B510-3FA4E3EA590D}
		{E843C426-A014-3683-BCD7-43D118ED00EF} = {E843C426-A014-3683-BCD7-43D118ED00EF}
	EndProjectSection
EndProject
Project("{8BC9CEB8-8B4A-11D0-8D11-00A0C91BC942}") = "Experimental", "ThirdParty\yaml_cpp\yaml_cpp\Experimental.vcxproj", "{FCCED99D-0975-3823-8916-E67978359E2D}"
	ProjectSection(ProjectDependencies) = postProject
		{6C139118-367D-3DBB-A3F4-51DF0D570343} = {6C139118-367D-3DBB-A3F4-51DF0D570343}
	EndProjectSection
EndProject
Project("{8BC9CEB8-8B4A-11D0-8D11-00A0C91BC942}") = "Game", "Game\Game.vcxproj", "{56E13F18-D15B-3000-B75F-C5CA0857633A}"
	ProjectSection(ProjectDependencies) = postProject
		{8214586F-E76F-31F7-93BD-52B43898FE7C} = {8214586F-E76F-31F7-93BD-52B43898FE7C}
		{6C139118-367D-3DBB-A3F4-51DF0D570343} = {6C139118-367D-3DBB-A3F4-51DF0D570343}
	EndProjectSection
EndProject
Project("{8BC9CEB8-8B4A-11D0-8D11-00A0C91BC942}") = "ImGui", "ThirdParty\imgui\ImGui.vcxproj", "{EA27CB47-39B2-305A-8948-0790F5DA8033}"
	ProjectSection(ProjectDependencies) = postProject
		{6C139118-367D-3DBB-A3F4-51DF0D570343} = {6C139118-367D-3DBB-A3F4-51DF0D570343}
	EndProjectSection
EndProject
Project("{8BC9CEB8-8B4A-11D0-8D11-00A0C91BC942}") = "Nightly", "ThirdParty\yaml_cpp\yaml_cpp\Nightly.vcxproj", "{5248A222-E684-3B6D-853B-1E6566DCA649}"
	ProjectSection(ProjectDependencies) = postProject
		{6C139118-367D-3DBB-A3F4-51DF0D570343} = {6C139118-367D-3DBB-A3F4-51DF0D570343}
	EndProjectSection
EndProject
Project("{8BC9CEB8-8B4A-11D0-8D11-00A0C91BC942}") = "NightlyMemoryCheck", "ThirdParty\yaml_cpp\yaml_cpp\NightlyMemoryCheck.vcxproj", "{329D66F2-70F8-34CA-B835-B759A7FB1A2A}"
	ProjectSection(ProjectDependencies) = postProject
		{6C139118-367D-3DBB-A3F4-51DF0D570343} = {6C139118-367D-3DBB-A3F4-51DF0D570343}
	EndProjectSection
EndProject
Project("{8BC9CEB8-8B4A-11D0-8D11-00A0C91BC942}") = "ZERO_CHECK", "ZERO_CHECK.vcxproj", "{6C139118-367D-3DBB-A3F4-51DF0D570343}"
	ProjectSection(ProjectDependencies) = postProject
	EndProjectSection
EndProject
Project("{8BC9CEB8-8B4A-11D0-8D11-00A0C91BC942}") = "glad", "ThirdParty\glad\glad.vcxproj", "{99B89935-05CA-3F1E-A185-C2E678A862BE}"
	ProjectSection(ProjectDependencies) = postProject
		{6C139118-367D-3DBB-A3F4-51DF0D570343} = {6C139118-367D-3DBB-A3F4-51DF0D570343}
	EndProjectSection
EndProject
Project("{8BC9CEB8-8B4A-11D0-8D11-00A0C91BC942}") = "glfw", "ThirdParty\glfw\glfw\src\glfw.vcxproj", "{7B063A60-DA2B-3DBC-B510-3FA4E3EA590D}"
	ProjectSection(ProjectDependencies) = postProject
		{6C139118-367D-3DBB-A3F4-51DF0D570343} = {6C139118-367D-3DBB-A3F4-51DF0D570343}
	EndProjectSection
EndProject
Project("{8BC9CEB8-8B4A-11D0-8D11-00A0C91BC942}") = "update_mappings", "ThirdParty\glfw\glfw\src\update_mappings.vcxproj", "{F731DF60-0FA3-3D26-8C27-B76728F83A93}"
	ProjectSection(ProjectDependencies) = postProject
		{6C139118-367D-3DBB-A3F4-51DF0D570343} = {6C139118-367D-3DBB-A3F4-51DF0D570343}
	EndProjectSection
EndProject
Project("{8BC9CEB8-8B4A-11D0-8D11-00A0C91BC942}") = "yaml-cpp", "ThirdParty\yaml_cpp\yaml_cpp\yaml-cpp.vcxproj", "{E843C426-A014-3683-BCD7-43D118ED00EF}"
	ProjectSection(ProjectDependencies) = postProject
		{6C139118-367D-3DBB-A3F4-51DF0D570343} = {6C139118-367D-3DBB-A3F4-51DF0D570343}
	EndProjectSection
EndProject
Global
	GlobalSection(SolutionConfigurationPlatforms) = preSolution
		Debug|x64 = Debug|x64
		Release|x64 = Release|x64
		Editor|x64 = Editor|x64
	EndGlobalSection
	GlobalSection(ProjectConfigurationPlatforms) = postSolution
		{9A427443-194E-3444-9B0E-0837B5DB7E76}.Debug|x64.ActiveCfg = Debug|x64
		{9A427443-194E-3444-9B0E-0837B5DB7E76}.Debug|x64.Build.0 = Debug|x64
		{9A427443-194E-3444-9B0E-0837B5DB7E76}.Release|x64.ActiveCfg = Release|x64
		{9A427443-194E-3444-9B0E-0837B5DB7E76}.Release|x64.Build.0 = Release|x64
		{9A427443-194E-3444-9B0E-0837B5DB7E76}.Editor|x64.ActiveCfg = Editor|x64
		{9A427443-194E-3444-9B0E-0837B5DB7E76}.Editor|x64.Build.0 = Editor|x64
		{538BCC01-3EB2-3267-83A2-1F9930433058}.Debug|x64.ActiveCfg = Debug|x64
		{538BCC01-3EB2-3267-83A2-1F9930433058}.Release|x64.ActiveCfg = Release|x64
		{538BCC01-3EB2-3267-83A2-1F9930433058}.Editor|x64.ActiveCfg = Editor|x64
		{6243828A-3AFA-31FD-8F7B-AF01276D4935}.Debug|x64.ActiveCfg = Debug|x64
		{6243828A-3AFA-31FD-8F7B-AF01276D4935}.Release|x64.ActiveCfg = Release|x64
		{6243828A-3AFA-31FD-8F7B-AF01276D4935}.Editor|x64.ActiveCfg = Editor|x64
		{8214586F-E76F-31F7-93BD-52B43898FE7C}.Debug|x64.ActiveCfg = Debug|x64
		{8214586F-E76F-31F7-93BD-52B43898FE7C}.Debug|x64.Build.0 = Debug|x64
		{8214586F-E76F-31F7-93BD-52B43898FE7C}.Release|x64.ActiveCfg = Release|x64
		{8214586F-E76F-31F7-93BD-52B43898FE7C}.Release|x64.Build.0 = Release|x64
		{8214586F-E76F-31F7-93BD-52B43898FE7C}.Editor|x64.ActiveCfg = Editor|x64
		{8214586F-E76F-31F7-93BD-52B43898FE7C}.Editor|x64.Build.0 = Editor|x64
		{964F7C98-275A-304B-9211-BE7FF74743D7}.Debug|x64.ActiveCfg = Debug|x64
		{964F7C98-275A-304B-9211-BE7FF74743D7}.Debug|x64.Build.0 = Debug|x64
		{964F7C98-275A-304B-9211-BE7FF74743D7}.Release|x64.ActiveCfg = Release|x64
		{964F7C98-275A-304B-9211-BE7FF74743D7}.Release|x64.Build.0 = Release|x64
		{964F7C98-275A-304B-9211-BE7FF74743D7}.Editor|x64.ActiveCfg = Editor|x64
		{964F7C98-275A-304B-9211-BE7FF74743D7}.Editor|x64.Build.0 = Editor|x64
		{FCCED99D-0975-3823-8916-E67978359E2D}.Debug|x64.ActiveCfg = Debug|x64
		{FCCED99D-0975-3823-8916-E67978359E2D}.Release|x64.ActiveCfg = Release|x64
		{FCCED99D-0975-3823-8916-E67978359E2D}.Editor|x64.ActiveCfg = Editor|x64
		{56E13F18-D15B-3000-B75F-C5CA0857633A}.Debug|x64.ActiveCfg = Debug|x64
		{56E13F18-D15B-3000-B75F-C5CA0857633A}.Debug|x64.Build.0 = Debug|x64
		{56E13F18-D15B-3000-B75F-C5CA0857633A}.Release|x64.ActiveCfg = Release|x64
		{56E13F18-D15B-3000-B75F-C5CA0857633A}.Release|x64.Build.0 = Release|x64
		{56E13F18-D15B-3000-B75F-C5CA0857633A}.Editor|x64.ActiveCfg = Editor|x64
		{56E13F18-D15B-3000-B75F-C5CA0857633A}.Editor|x64.Build.0 = Editor|x64
		{EA27CB47-39B2-305A-8948-0790F5DA8033}.Debug|x64.ActiveCfg = Debug|x64
		{EA27CB47-39B2-305A-8948-0790F5DA8033}.Debug|x64.Build.0 = Debug|x64
		{EA27CB47-39B2-305A-8948-0790F5DA8033}.Release|x64.ActiveCfg = Release|x64
		{EA27CB47-39B2-305A-8948-0790F5DA8033}.Release|x64.Build.0 = Release|x64
		{EA27CB47-39B2-305A-8948-0790F5DA8033}.Editor|x64.ActiveCfg = Editor|x64
		{EA27CB47-39B2-305A-8948-0790F5DA8033}.Editor|x64.Build.0 = Editor|x64
		{5248A222-E684-3B6D-853B-1E6566DCA649}.Debug|x64.ActiveCfg = Debug|x64
		{5248A222-E684-3B6D-853B-1E6566DCA649}.Release|x64.ActiveCfg = Release|x64
		{5248A222-E684-3B6D-853B-1E6566DCA649}.Editor|x64.ActiveCfg = Editor|x64
		{329D66F2-70F8-34CA-B835-B759A7FB1A2A}.Debug|x64.ActiveCfg = Debug|x64
		{329D66F2-70F8-34CA-B835-B759A7FB1A2A}.Release|x64.ActiveCfg = Release|x64
		{329D66F2-70F8-34CA-B835-B759A7FB1A2A}.Editor|x64.ActiveCfg = Editor|x64
		{6C139118-367D-3DBB-A3F4-51DF0D570343}.Debug|x64.ActiveCfg = Debug|x64
		{6C139118-367D-3DBB-A3F4-51DF0D570343}.Debug|x64.Build.0 = Debug|x64
		{6C139118-367D-3DBB-A3F4-51DF0D570343}.Release|x64.ActiveCfg = Release|x64
		{6C139118-367D-3DBB-A3F4-51DF0D570343}.Release|x64.Build.0 = Release|x64
		{6C139118-367D-3DBB-A3F4-51DF0D570343}.Editor|x64.ActiveCfg = Editor|x64
		{6C139118-367D-3DBB-A3F4-51DF0D570343}.Editor|x64.Build.0 = Editor|x64
		{99B89935-05CA-3F1E-A185-C2E678A862BE}.Debug|x64.ActiveCfg = Debug|x64
		{99B89935-05CA-3F1E-A185-C2E678A862BE}.Debug|x64.Build.0 = Debug|x64
		{99B89935-05CA-3F1E-A185-C2E678A862BE}.Release|x64.ActiveCfg = Release|x64
		{99B89935-05CA-3F1E-A185-C2E678A862BE}.Release|x64.Build.0 = Release|x64
		{99B89935-05CA-3F1E-A185-C2E678A862BE}.Editor|x64.ActiveCfg = Editor|x64
		{99B89935-05CA-3F1E-A185-C2E678A862BE}.Editor|x64.Build.0 = Editor|x64
		{7B063A60-DA2B-3DBC-B510-3FA4E3EA590D}.Debug|x64.ActiveCfg = Debug|x64
		{7B063A60-DA2B-3DBC-B510-3FA4E3EA590D}.Debug|x64.Build.0 = Debug|x64
		{7B063A60-DA2B-3DBC-B510-3FA4E3EA590D}.Release|x64.ActiveCfg = Release|x64
		{7B063A60-DA2B-3DBC-B510-3FA4E3EA590D}.Release|x64.Build.0 = Release|x64
		{7B063A60-DA2B-3DBC-B510-3FA4E3EA590D}.Editor|x64.ActiveCfg = Editor|x64
		{7B063A60-DA2B-3DBC-B510-3FA4E3EA590D}.Editor|x64.Build.0 = Editor|x64
		{F731DF60-0FA3-3D26-8C27-B76728F83A93}.Debug|x64.ActiveCfg = Debug|x64
		{F731DF60-0FA3-3D26-8C27-B76728F83A93}.Release|x64.ActiveCfg = Release|x64
		{F731DF60-0FA3-3D26-8C27-B76728F83A93}.Editor|x64.ActiveCfg = Editor|x64
		{E843C426-A014-3683-BCD7-43D118ED00EF}.Debug|x64.ActiveCfg = Debug|x64
		{E843C426-A014-3683-BCD7-43D118ED00EF}.Debug|x64.Build.0 = Debug|x64
		{E843C426-A014-3683-BCD7-43D118ED00EF}.Release|x64.ActiveCfg = Release|x64
		{E843C426-A014-3683-BCD7-43D118ED00EF}.Release|x64.Build.0 = Release|x64
		{E843C426-A014-3683-BCD7-43D118ED00EF}.Editor|x64.ActiveCfg = Editor|x64
		{E843C426-A014-3683-BCD7-43D118ED00EF}.Editor|x64.Build.0 = Editor|x64
	EndGlobalSection
	GlobalSection(NestedProjects) = preSolution
		{538BCC01-3EB2-3267-83A2-1F9930433058} = {9780F03D-FA0D-31CB-A06B-6B11F5DDD703}
		{6C139118-367D-3DBB-A3F4-51DF0D570343} = {9780F03D-FA0D-31CB-A06B-6B11F5DDD703}
		{6243828A-3AFA-31FD-8F7B-AF01276D4935} = {624AF6ED-F160-3134-BC66-DFD398B2743F}
		{FCCED99D-0975-3823-8916-E67978359E2D} = {624AF6ED-F160-3134-BC66-DFD398B2743F}
		{5248A222-E684-3B6D-853B-1E6566DCA649} = {624AF6ED-F160-3134-BC66-DFD398B2743F}
		{329D66F2-70F8-34CA-B835-B759A7FB1A2A} = {624AF6ED-F160-3134-BC66-DFD398B2743F}
		{9A427443-194E-3444-9B0E-0837B5DB7E76} = {9FC663CE-D5AD-3824-A10B-60837AD5DDBA}
		{8214586F-E76F-31F7-93BD-52B43898FE7C} = {9FC663CE-D5AD-3824-A10B-60837AD5DDBA}
		{964F7C98-275A-304B-9211-BE7FF74743D7} = {9FC663CE-D5AD-3824-A10B-60837AD5DDBA}
		{56E13F18-D15B-3000-B75F-C5CA0857633A} = {9FC663CE-D5AD-3824-A10B-60837AD5DDBA}
		{F731DF60-0FA3-3D26-8C27-B76728F83A93} = {4391B712-3342-371C-AFD7-BE2DD9C416CE}
		{EA27CB47-39B2-305A-8948-0790F5DA8033} = {415B5F7E-06AB-39C4-8A78-D9038056B22D}
		{99B89935-05CA-3F1E-A185-C2E678A862BE} = {415B5F7E-06AB-39C4-8A78-D9038056B22D}
		{7B063A60-DA2B-3DBC-B510-3FA4E3EA590D} = {415B5F7E-06AB-39C4-8A78-D9038056B22D}
		{E843C426-A014-3683-BCD7-43D118ED00EF} = {415B5F7E-06AB-39C4-8A78-D9038056B22D}
	EndGlobalSection
	GlobalSection(ExtensibilityGlobals) = postSolution
		SolutionGuid = {7F7964FF-CA31-3CEE-AA18-60866FBE90C2}
	EndGlobalSection
	GlobalSection(ExtensibilityAddIns) = postSolution
	EndGlobalSection
EndGlobal
